// !$*UTF8*$!
{
	archiveVersion = 1;
	classes = {
	};
	objectVersion = 56;
	objects = {

/* Begin PBXBuildFile section */
		C3A7061D29B953FF0022EB1F /* kaloriesApp.swift in Sources */ = {isa = PBXBuildFile; fileRef = C3A7061C29B953FF0022EB1F /* kaloriesApp.swift */; };
		C3A7061F29B953FF0022EB1F /* ContentView.swift in Sources */ = {isa = PBXBuildFile; fileRef = C3A7061E29B953FF0022EB1F /* ContentView.swift */; };
		C3A7062129B954010022EB1F /* Assets.xcassets in Resources */ = {isa = PBXBuildFile; fileRef = C3A7062029B954010022EB1F /* Assets.xcassets */; };
		C3A7062429B954010022EB1F /* Preview Assets.xcassets in Resources */ = {isa = PBXBuildFile; fileRef = C3A7062329B954010022EB1F /* Preview Assets.xcassets */; };
		C3A7062E29B954010022EB1F /* kaloriesTests.swift in Sources */ = {isa = PBXBuildFile; fileRef = C3A7062D29B954010022EB1F /* kaloriesTests.swift */; };
		C3A7063829B954010022EB1F /* kaloriesUITests.swift in Sources */ = {isa = PBXBuildFile; fileRef = C3A7063729B954010022EB1F /* kaloriesUITests.swift */; };
		C3A7063A29B954010022EB1F /* kaloriesUITestsLaunchTests.swift in Sources */ = {isa = PBXBuildFile; fileRef = C3A7063929B954010022EB1F /* kaloriesUITestsLaunchTests.swift */; };
		C3A7064929B9543A0022EB1F /* FoodModel.xcdatamodeld in Sources */ = {isa = PBXBuildFile; fileRef = C3A7064729B9543A0022EB1F /* FoodModel.xcdatamodeld */; };
		C3A7064B29B954CC0022EB1F /* DataController.swift in Sources */ = {isa = PBXBuildFile; fileRef = C3A7064A29B954CC0022EB1F /* DataController.swift */; };
		C3A7064F29B9569B0022EB1F /* AddFoodView.swift in Sources */ = {isa = PBXBuildFile; fileRef = C3A7064E29B9569A0022EB1F /* AddFoodView.swift */; };
		C3A7065129B958790022EB1F /* TimeFormatting.swift in Sources */ = {isa = PBXBuildFile; fileRef = C3A7065029B958790022EB1F /* TimeFormatting.swift */; };
		C3A7065329B9601D0022EB1F /* EditFoodView.swift in Sources */ = {isa = PBXBuildFile; fileRef = C3A7065229B9601D0022EB1F /* EditFoodView.swift */; };
/* End PBXBuildFile section */

/* Begin PBXContainerItemProxy section */
		C3A7062A29B954010022EB1F /* PBXContainerItemProxy */ = {
			isa = PBXContainerItemProxy;
			containerPortal = C3A7061129B953FF0022EB1F /* Project object */;
			proxyType = 1;
			remoteGlobalIDString = C3A7061829B953FF0022EB1F;
			remoteInfo = kalories;
		};
		C3A7063429B954010022EB1F /* PBXContainerItemProxy */ = {
			isa = PBXContainerItemProxy;
			containerPortal = C3A7061129B953FF0022EB1F /* Project object */;
			proxyType = 1;
			remoteGlobalIDString = C3A7061829B953FF0022EB1F;
			remoteInfo = kalories;
		};
/* End PBXContainerItemProxy section */

/* Begin PBXFileReference section */
		C3A7061929B953FF0022EB1F /* kalories.app */ = {isa = PBXFileReference; explicitFileType = wrapper.application; includeInIndex = 0; path = kalories.app; sourceTree = BUILT_PRODUCTS_DIR; };
		C3A7061C29B953FF0022EB1F /* kaloriesApp.swift */ = {isa = PBXFileReference; lastKnownFileType = sourcecode.swift; path = kaloriesApp.swift; sourceTree = "<group>"; };
		C3A7061E29B953FF0022EB1F /* ContentView.swift */ = {isa = PBXFileReference; lastKnownFileType = sourcecode.swift; path = ContentView.swift; sourceTree = "<group>"; };
		C3A7062029B954010022EB1F /* Assets.xcassets */ = {isa = PBXFileReference; lastKnownFileType = folder.assetcatalog; path = Assets.xcassets; sourceTree = "<group>"; };
		C3A7062329B954010022EB1F /* Preview Assets.xcassets */ = {isa = PBXFileReference; lastKnownFileType = folder.assetcatalog; path = "Preview Assets.xcassets"; sourceTree = "<group>"; };
		C3A7062929B954010022EB1F /* kaloriesTests.xctest */ = {isa = PBXFileReference; explicitFileType = wrapper.cfbundle; includeInIndex = 0; path = kaloriesTests.xctest; sourceTree = BUILT_PRODUCTS_DIR; };
		C3A7062D29B954010022EB1F /* kaloriesTests.swift */ = {isa = PBXFileReference; lastKnownFileType = sourcecode.swift; path = kaloriesTests.swift; sourceTree = "<group>"; };
		C3A7063329B954010022EB1F /* kaloriesUITests.xctest */ = {isa = PBXFileReference; explicitFileType = wrapper.cfbundle; includeInIndex = 0; path = kaloriesUITests.xctest; sourceTree = BUILT_PRODUCTS_DIR; };
		C3A7063729B954010022EB1F /* kaloriesUITests.swift */ = {isa = PBXFileReference; lastKnownFileType = sourcecode.swift; path = kaloriesUITests.swift; sourceTree = "<group>"; };
		C3A7063929B954010022EB1F /* kaloriesUITestsLaunchTests.swift */ = {isa = PBXFileReference; lastKnownFileType = sourcecode.swift; path = kaloriesUITestsLaunchTests.swift; sourceTree = "<group>"; };
		C3A7064829B9543A0022EB1F /* FoodModel.xcdatamodel */ = {isa = PBXFileReference; lastKnownFileType = wrapper.xcdatamodel; path = FoodModel.xcdatamodel; sourceTree = "<group>"; };
		C3A7064A29B954CC0022EB1F /* DataController.swift */ = {isa = PBXFileReference; lastKnownFileType = sourcecode.swift; path = DataController.swift; sourceTree = "<group>"; };
		C3A7064E29B9569A0022EB1F /* AddFoodView.swift */ = {isa = PBXFileReference; lastKnownFileType = sourcecode.swift; path = AddFoodView.swift; sourceTree = "<group>"; };
		C3A7065029B958790022EB1F /* TimeFormatting.swift */ = {isa = PBXFileReference; lastKnownFileType = sourcecode.swift; path = TimeFormatting.swift; sourceTree = "<group>"; };
		C3A7065229B9601D0022EB1F /* EditFoodView.swift */ = {isa = PBXFileReference; lastKnownFileType = sourcecode.swift; path = EditFoodView.swift; sourceTree = "<group>"; };
/* End PBXFileReference section */

/* Begin PBXFrameworksBuildPhase section */
		C3A7061629B953FF0022EB1F /* Frameworks */ = {
			isa = PBXFrameworksBuildPhase;
			buildActionMask = 2147483647;
			files = (
			);
			runOnlyForDeploymentPostprocessing = 0;
		};
		C3A7062629B954010022EB1F /* Frameworks */ = {
			isa = PBXFrameworksBuildPhase;
			buildActionMask = 2147483647;
			files = (
			);
			runOnlyForDeploymentPostprocessing = 0;
		};
		C3A7063029B954010022EB1F /* Frameworks */ = {
			isa = PBXFrameworksBuildPhase;
			buildActionMask = 2147483647;
			files = (
			);
			runOnlyForDeploymentPostprocessing = 0;
		};
/* End PBXFrameworksBuildPhase section */

/* Begin PBXGroup section */
		C3A7061029B953FF0022EB1F = {
			isa = PBXGroup;
			children = (
				C3A7061B29B953FF0022EB1F /* kalories */,
				C3A7062C29B954010022EB1F /* kaloriesTests */,
				C3A7063629B954010022EB1F /* kaloriesUITests */,
				C3A7061A29B953FF0022EB1F /* Products */,
			);
			sourceTree = "<group>";
		};
		C3A7061A29B953FF0022EB1F /* Products */ = {
			isa = PBXGroup;
			children = (
				C3A7061929B953FF0022EB1F /* kalories.app */,
				C3A7062929B954010022EB1F /* kaloriesTests.xctest */,
				C3A7063329B954010022EB1F /* kaloriesUITests.xctest */,
			);
			name = Products;
			sourceTree = "<group>";
		};
		C3A7061B29B953FF0022EB1F /* kalories */ = {
			isa = PBXGroup;
			children = (
				C3A7061C29B953FF0022EB1F /* kaloriesApp.swift */,
				C3A7064D29B956810022EB1F /* Helpers */,
				C3A7064C29B9565E0022EB1F /* Views */,
				C3A7064629B954200022EB1F /* DataModel */,
				C3A7062029B954010022EB1F /* Assets.xcassets */,
				C3A7062229B954010022EB1F /* Preview Content */,
			);
			path = kalories;
			sourceTree = "<group>";
		};
		C3A7062229B954010022EB1F /* Preview Content */ = {
			isa = PBXGroup;
			children = (
				C3A7062329B954010022EB1F /* Preview Assets.xcassets */,
			);
			path = "Preview Content";
			sourceTree = "<group>";
		};
		C3A7062C29B954010022EB1F /* kaloriesTests */ = {
			isa = PBXGroup;
			children = (
				C3A7062D29B954010022EB1F /* kaloriesTests.swift */,
			);
			path = kaloriesTests;
			sourceTree = "<group>";
		};
		C3A7063629B954010022EB1F /* kaloriesUITests */ = {
			isa = PBXGroup;
			children = (
				C3A7063729B954010022EB1F /* kaloriesUITests.swift */,
				C3A7063929B954010022EB1F /* kaloriesUITestsLaunchTests.swift */,
			);
			path = kaloriesUITests;
			sourceTree = "<group>";
		};
		C3A7064629B954200022EB1F /* DataModel */ = {
			isa = PBXGroup;
			children = (
				C3A7064729B9543A0022EB1F /* FoodModel.xcdatamodeld */,
				C3A7064A29B954CC0022EB1F /* DataController.swift */,
			);
			path = DataModel;
			sourceTree = "<group>";
		};
		C3A7064C29B9565E0022EB1F /* Views */ = {
			isa = PBXGroup;
			children = (
				C3A7061E29B953FF0022EB1F /* ContentView.swift */,
				C3A7064E29B9569A0022EB1F /* AddFoodView.swift */,
				C3A7065229B9601D0022EB1F /* EditFoodView.swift */,
			);
			path = Views;
			sourceTree = "<group>";
		};
		C3A7064D29B956810022EB1F /* Helpers */ = {
			isa = PBXGroup;
			children = (
				C3A7065029B958790022EB1F /* TimeFormatting.swift */,
			);
			path = Helpers;
			sourceTree = "<group>";
		};
/* End PBXGroup section */

/* Begin PBXNativeTarget section */
		C3A7061829B953FF0022EB1F /* kalories */ = {
			isa = PBXNativeTarget;
			buildConfigurationList = C3A7063D29B954010022EB1F /* Build configuration list for PBXNativeTarget "kalories" */;
			buildPhases = (
				C3A7061529B953FF0022EB1F /* Sources */,
				C3A7061629B953FF0022EB1F /* Frameworks */,
				C3A7061729B953FF0022EB1F /* Resources */,
			);
			buildRules = (
			);
			dependencies = (
			);
			name = kalories;
			productName = kalories;
			productReference = C3A7061929B953FF0022EB1F /* kalories.app */;
			productType = "com.apple.product-type.application";
		};
		C3A7062829B954010022EB1F /* kaloriesTests */ = {
			isa = PBXNativeTarget;
			buildConfigurationList = C3A7064029B954010022EB1F /* Build configuration list for PBXNativeTarget "kaloriesTests" */;
			buildPhases = (
				C3A7062529B954010022EB1F /* Sources */,
				C3A7062629B954010022EB1F /* Frameworks */,
				C3A7062729B954010022EB1F /* Resources */,
			);
			buildRules = (
			);
			dependencies = (
				C3A7062B29B954010022EB1F /* PBXTargetDependency */,
			);
			name = kaloriesTests;
			productName = kaloriesTests;
			productReference = C3A7062929B954010022EB1F /* kaloriesTests.xctest */;
			productType = "com.apple.product-type.bundle.unit-test";
		};
		C3A7063229B954010022EB1F /* kaloriesUITests */ = {
			isa = PBXNativeTarget;
			buildConfigurationList = C3A7064329B954010022EB1F /* Build configuration list for PBXNativeTarget "kaloriesUITests" */;
			buildPhases = (
				C3A7062F29B954010022EB1F /* Sources */,
				C3A7063029B954010022EB1F /* Frameworks */,
				C3A7063129B954010022EB1F /* Resources */,
			);
			buildRules = (
			);
			dependencies = (
				C3A7063529B954010022EB1F /* PBXTargetDependency */,
			);
			name = kaloriesUITests;
			productName = kaloriesUITests;
			productReference = C3A7063329B954010022EB1F /* kaloriesUITests.xctest */;
			productType = "com.apple.product-type.bundle.ui-testing";
		};
/* End PBXNativeTarget section */

/* Begin PBXProject section */
		C3A7061129B953FF0022EB1F /* Project object */ = {
			isa = PBXProject;
			attributes = {
				BuildIndependentTargetsInParallel = 1;
				LastSwiftUpdateCheck = 1420;
				LastUpgradeCheck = 1420;
				TargetAttributes = {
					C3A7061829B953FF0022EB1F = {
						CreatedOnToolsVersion = 14.2;
					};
					C3A7062829B954010022EB1F = {
						CreatedOnToolsVersion = 14.2;
						TestTargetID = C3A7061829B953FF0022EB1F;
					};
					C3A7063229B954010022EB1F = {
						CreatedOnToolsVersion = 14.2;
						TestTargetID = C3A7061829B953FF0022EB1F;
					};
				};
			};
			buildConfigurationList = C3A7061429B953FF0022EB1F /* Build configuration list for PBXProject "kalories" */;
			compatibilityVersion = "Xcode 14.0";
			developmentRegion = en;
			hasScannedForEncodings = 0;
			knownRegions = (
				en,
				Base,
			);
			mainGroup = C3A7061029B953FF0022EB1F;
			productRefGroup = C3A7061A29B953FF0022EB1F /* Products */;
			projectDirPath = "";
			projectRoot = "";
			targets = (
				C3A7061829B953FF0022EB1F /* kalories */,
				C3A7062829B954010022EB1F /* kaloriesTests */,
				C3A7063229B954010022EB1F /* kaloriesUITests */,
			);
		};
/* End PBXProject section */

/* Begin PBXResourcesBuildPhase section */
		C3A7061729B953FF0022EB1F /* Resources */ = {
			isa = PBXResourcesBuildPhase;
			buildActionMask = 2147483647;
			files = (
				C3A7062429B954010022EB1F /* Preview Assets.xcassets in Resources */,
				C3A7062129B954010022EB1F /* Assets.xcassets in Resources */,
			);
			runOnlyForDeploymentPostprocessing = 0;
		};
		C3A7062729B954010022EB1F /* Resources */ = {
			isa = PBXResourcesBuildPhase;
			buildActionMask = 2147483647;
			files = (
			);
			runOnlyForDeploymentPostprocessing = 0;
		};
		C3A7063129B954010022EB1F /* Resources */ = {
			isa = PBXResourcesBuildPhase;
			buildActionMask = 2147483647;
			files = (
			);
			runOnlyForDeploymentPostprocessing = 0;
		};
/* End PBXResourcesBuildPhase section */

/* Begin PBXSourcesBuildPhase section */
		C3A7061529B953FF0022EB1F /* Sources */ = {
			isa = PBXSourcesBuildPhase;
			buildActionMask = 2147483647;
			files = (
				C3A7064F29B9569B0022EB1F /* AddFoodView.swift in Sources */,
				C3A7061F29B953FF0022EB1F /* ContentView.swift in Sources */,
				C3A7064B29B954CC0022EB1F /* DataController.swift in Sources */,
				C3A7061D29B953FF0022EB1F /* kaloriesApp.swift in Sources */,
				C3A7064929B9543A0022EB1F /* FoodModel.xcdatamodeld in Sources */,
				C3A7065329B9601D0022EB1F /* EditFoodView.swift in Sources */,
				C3A7065129B958790022EB1F /* TimeFormatting.swift in Sources */,
			);
			runOnlyForDeploymentPostprocessing = 0;
		};
		C3A7062529B954010022EB1F /* Sources */ = {
			isa = PBXSourcesBuildPhase;
			buildActionMask = 2147483647;
			files = (
				C3A7062E29B954010022EB1F /* kaloriesTests.swift in Sources */,
			);
			runOnlyForDeploymentPostprocessing = 0;
		};
		C3A7062F29B954010022EB1F /* Sources */ = {
			isa = PBXSourcesBuildPhase;
			buildActionMask = 2147483647;
			files = (
				C3A7063A29B954010022EB1F /* kaloriesUITestsLaunchTests.swift in Sources */,
				C3A7063829B954010022EB1F /* kaloriesUITests.swift in Sources */,
			);
			runOnlyForDeploymentPostprocessing = 0;
		};
/* End PBXSourcesBuildPhase section */

/* Begin PBXTargetDependency section */
		C3A7062B29B954010022EB1F /* PBXTargetDependency */ = {
			isa = PBXTargetDependency;
			target = C3A7061829B953FF0022EB1F /* kalories */;
			targetProxy = C3A7062A29B954010022EB1F /* PBXContainerItemProxy */;
		};
		C3A7063529B954010022EB1F /* PBXTargetDependency */ = {
			isa = PBXTargetDependency;
			target = C3A7061829B953FF0022EB1F /* kalories */;
			targetProxy = C3A7063429B954010022EB1F /* PBXContainerItemProxy */;
		};
/* End PBXTargetDependency section */

/* Begin XCBuildConfiguration section */
		C3A7063B29B954010022EB1F /* Debug */ = {
			isa = XCBuildConfiguration;
			buildSettings = {
				ALWAYS_SEARCH_USER_PATHS = NO;
				CLANG_ANALYZER_NONNULL = YES;
				CLANG_ANALYZER_NUMBER_OBJECT_CONVERSION = YES_AGGRESSIVE;
				CLANG_CXX_LANGUAGE_STANDARD = "gnu++20";
				CLANG_ENABLE_MODULES = YES;
				CLANG_ENABLE_OBJC_ARC = YES;
				CLANG_ENABLE_OBJC_WEAK = YES;
				CLANG_WARN_BLOCK_CAPTURE_AUTORELEASING = YES;
				CLANG_WARN_BOOL_CONVERSION = YES;
				CLANG_WARN_COMMA = YES;
				CLANG_WARN_CONSTANT_CONVERSION = YES;
				CLANG_WARN_DEPRECATED_OBJC_IMPLEMENTATIONS = YES;
				CLANG_WARN_DIRECT_OBJC_ISA_USAGE = YES_ERROR;
				CLANG_WARN_DOCUMENTATION_COMMENTS = YES;
				CLANG_WARN_EMPTY_BODY = YES;
				CLANG_WARN_ENUM_CONVERSION = YES;
				CLANG_WARN_INFINITE_RECURSION = YES;
				CLANG_WARN_INT_CONVERSION = YES;
				CLANG_WARN_NON_LITERAL_NULL_CONVERSION = YES;
				CLANG_WARN_OBJC_IMPLICIT_RETAIN_SELF = YES;
				CLANG_WARN_OBJC_LITERAL_CONVERSION = YES;
				CLANG_WARN_OBJC_ROOT_CLASS = YES_ERROR;
				CLANG_WARN_QUOTED_INCLUDE_IN_FRAMEWORK_HEADER = YES;
				CLANG_WARN_RANGE_LOOP_ANALYSIS = YES;
				CLANG_WARN_STRICT_PROTOTYPES = YES;
				CLANG_WARN_SUSPICIOUS_MOVE = YES;
				CLANG_WARN_UNGUARDED_AVAILABILITY = YES_AGGRESSIVE;
				CLANG_WARN_UNREACHABLE_CODE = YES;
				CLANG_WARN__DUPLICATE_METHOD_MATCH = YES;
				COPY_PHASE_STRIP = NO;
				DEBUG_INFORMATION_FORMAT = dwarf;
				ENABLE_STRICT_OBJC_MSGSEND = YES;
				ENABLE_TESTABILITY = YES;
				GCC_C_LANGUAGE_STANDARD = gnu11;
				GCC_DYNAMIC_NO_PIC = NO;
				GCC_NO_COMMON_BLOCKS = YES;
				GCC_OPTIMIZATION_LEVEL = 0;
				GCC_PREPROCESSOR_DEFINITIONS = (
					"DEBUG=1",
					"$(inherited)",
				);
				GCC_WARN_64_TO_32_BIT_CONVERSION = YES;
				GCC_WARN_ABOUT_RETURN_TYPE = YES_ERROR;
				GCC_WARN_UNDECLARED_SELECTOR = YES;
				GCC_WARN_UNINITIALIZED_AUTOS = YES_AGGRESSIVE;
				GCC_WARN_UNUSED_FUNCTION = YES;
				GCC_WARN_UNUSED_VARIABLE = YES;
				IPHONEOS_DEPLOYMENT_TARGET = 16.2;
				MTL_ENABLE_DEBUG_INFO = INCLUDE_SOURCE;
				MTL_FAST_MATH = YES;
				ONLY_ACTIVE_ARCH = YES;
				SDKROOT = iphoneos;
				SWIFT_ACTIVE_COMPILATION_CONDITIONS = DEBUG;
				SWIFT_OPTIMIZATION_LEVEL = "-Onone";
			};
			name = Debug;
		};
		C3A7063C29B954010022EB1F /* Release */ = {
			isa = XCBuildConfiguration;
			buildSettings = {
				ALWAYS_SEARCH_USER_PATHS = NO;
				CLANG_ANALYZER_NONNULL = YES;
				CLANG_ANALYZER_NUMBER_OBJECT_CONVERSION = YES_AGGRESSIVE;
				CLANG_CXX_LANGUAGE_STANDARD = "gnu++20";
				CLANG_ENABLE_MODULES = YES;
				CLANG_ENABLE_OBJC_ARC = YES;
				CLANG_ENABLE_OBJC_WEAK = YES;
				CLANG_WARN_BLOCK_CAPTURE_AUTORELEASING = YES;
				CLANG_WARN_BOOL_CONVERSION = YES;
				CLANG_WARN_COMMA = YES;
				CLANG_WARN_CONSTANT_CONVERSION = YES;
				CLANG_WARN_DEPRECATED_OBJC_IMPLEMENTATIONS = YES;
				CLANG_WARN_DIRECT_OBJC_ISA_USAGE = YES_ERROR;
				CLANG_WARN_DOCUMENTATION_COMMENTS = YES;
				CLANG_WARN_EMPTY_BODY = YES;
				CLANG_WARN_ENUM_CONVERSION = YES;
				CLANG_WARN_INFINITE_RECURSION = YES;
				CLANG_WARN_INT_CONVERSION = YES;
				CLANG_WARN_NON_LITERAL_NULL_CONVERSION = YES;
				CLANG_WARN_OBJC_IMPLICIT_RETAIN_SELF = YES;
				CLANG_WARN_OBJC_LITERAL_CONVERSION = YES;
				CLANG_WARN_OBJC_ROOT_CLASS = YES_ERROR;
				CLANG_WARN_QUOTED_INCLUDE_IN_FRAMEWORK_HEADER = YES;
				CLANG_WARN_RANGE_LOOP_ANALYSIS = YES;
				CLANG_WARN_STRICT_PROTOTYPES = YES;
				CLANG_WARN_SUSPICIOUS_MOVE = YES;
				CLANG_WARN_UNGUARDED_AVAILABILITY = YES_AGGRESSIVE;
				CLANG_WARN_UNREACHABLE_CODE = YES;
				CLANG_WARN__DUPLICATE_METHOD_MATCH = YES;
				COPY_PHASE_STRIP = NO;
				DEBUG_INFORMATION_FORMAT = "dwarf-with-dsym";
				ENABLE_NS_ASSERTIONS = NO;
				ENABLE_STRICT_OBJC_MSGSEND = YES;
				GCC_C_LANGUAGE_STANDARD = gnu11;
				GCC_NO_COMMON_BLOCKS = YES;
				GCC_WARN_64_TO_32_BIT_CONVERSION = YES;
				GCC_WARN_ABOUT_RETURN_TYPE = YES_ERROR;
				GCC_WARN_UNDECLARED_SELECTOR = YES;
				GCC_WARN_UNINITIALIZED_AUTOS = YES_AGGRESSIVE;
				GCC_WARN_UNUSED_FUNCTION = YES;
				GCC_WARN_UNUSED_VARIABLE = YES;
				IPHONEOS_DEPLOYMENT_TARGET = 16.2;
				MTL_ENABLE_DEBUG_INFO = NO;
				MTL_FAST_MATH = YES;
				SDKROOT = iphoneos;
				SWIFT_COMPILATION_MODE = wholemodule;
				SWIFT_OPTIMIZATION_LEVEL = "-O";
				VALIDATE_PRODUCT = YES;
			};
			name = Release;
		};
		C3A7063E29B954010022EB1F /* Debug */ = {
			isa = XCBuildConfiguration;
			buildSettings = {
				ASSETCATALOG_COMPILER_APPICON_NAME = AppIcon;
				ASSETCATALOG_COMPILER_GLOBAL_ACCENT_COLOR_NAME = AccentColor;
				CODE_SIGN_STYLE = Automatic;
				CURRENT_PROJECT_VERSION = 1;
				DEVELOPMENT_ASSET_PATHS = "\"kalories/Preview Content\"";
				DEVELOPMENT_TEAM = 9P74L4GXWB;
				ENABLE_PREVIEWS = YES;
				GENERATE_INFOPLIST_FILE = YES;
				INFOPLIST_KEY_UIApplicationSceneManifest_Generation = YES;
				INFOPLIST_KEY_UIApplicationSupportsIndirectInputEvents = YES;
				INFOPLIST_KEY_UILaunchScreen_Generation = YES;
				INFOPLIST_KEY_UISupportedInterfaceOrientations_iPad = "UIInterfaceOrientationPortrait UIInterfaceOrientationPortraitUpsideDown UIInterfaceOrientationLandscapeLeft UIInterfaceOrientationLandscapeRight";
				INFOPLIST_KEY_UISupportedInterfaceOrientations_iPhone = "UIInterfaceOrientationPortrait UIInterfaceOrientationLandscapeLeft UIInterfaceOrientationLandscapeRight";
				LD_RUNPATH_SEARCH_PATHS = (
					"$(inherited)",
					"@executable_path/Frameworks",
				);
				MARKETING_VERSION = 1.0;
				PRODUCT_BUNDLE_IDENTIFIER = com.dukena.kalories;
				PRODUCT_NAME = "$(TARGET_NAME)";
				SWIFT_EMIT_LOC_STRINGS = YES;
				SWIFT_VERSION = 5.0;
				TARGETED_DEVICE_FAMILY = "1,2";
			};
			name = Debug;
		};
		C3A7063F29B954010022EB1F /* Release */ = {
			isa = XCBuildConfiguration;
			buildSettings = {
				ASSETCATALOG_COMPILER_APPICON_NAME = AppIcon;
				ASSETCATALOG_COMPILER_GLOBAL_ACCENT_COLOR_NAME = AccentColor;
				CODE_SIGN_STYLE = Automatic;
				CURRENT_PROJECT_VERSION = 1;
				DEVELOPMENT_ASSET_PATHS = "\"kalories/Preview Content\"";
				DEVELOPMENT_TEAM = 9P74L4GXWB;
				ENABLE_PREVIEWS = YES;
				GENERATE_INFOPLIST_FILE = YES;
				INFOPLIST_KEY_UIApplicationSceneManifest_Generation = YES;
				INFOPLIST_KEY_UIApplicationSupportsIndirectInputEvents = YES;
				INFOPLIST_KEY_UILaunchScreen_Generation = YES;
				INFOPLIST_KEY_UISupportedInterfaceOrientations_iPad = "UIInterfaceOrientationPortrait UIInterfaceOrientationPortraitUpsideDown UIInterfaceOrientationLandscapeLeft UIInterfaceOrientationLandscapeRight";
				INFOPLIST_KEY_UISupportedInterfaceOrientations_iPhone = "UIInterfaceOrientationPortrait UIInterfaceOrientationLandscapeLeft UIInterfaceOrientationLandscapeRight";
				LD_RUNPATH_SEARCH_PATHS = (
					"$(inherited)",
					"@executable_path/Frameworks",
				);
				MARKETING_VERSION = 1.0;
				PRODUCT_BUNDLE_IDENTIFIER = com.dukena.kalories;
				PRODUCT_NAME = "$(TARGET_NAME)";
				SWIFT_EMIT_LOC_STRINGS = YES;
				SWIFT_VERSION = 5.0;
				TARGETED_DEVICE_FAMILY = "1,2";
			};
			name = Release;
		};
		C3A7064129B954010022EB1F /* Debug */ = {
			isa = XCBuildConfiguration;
			buildSettings = {
				ALWAYS_EMBED_SWIFT_STANDARD_LIBRARIES = YES;
				BUNDLE_LOADER = "$(TEST_HOST)";
				CODE_SIGN_STYLE = Automatic;
				CURRENT_PROJECT_VERSION = 1;
				DEVELOPMENT_TEAM = 9P74L4GXWB;
				GENERATE_INFOPLIST_FILE = YES;
				IPHONEOS_DEPLOYMENT_TARGET = 16.2;
				MARKETING_VERSION = 1.0;
				PRODUCT_BUNDLE_IDENTIFIER = com.dukena.kaloriesTests;
				PRODUCT_NAME = "$(TARGET_NAME)";
				SWIFT_EMIT_LOC_STRINGS = NO;
				SWIFT_VERSION = 5.0;
				TARGETED_DEVICE_FAMILY = "1,2";
				TEST_HOST = "$(BUILT_PRODUCTS_DIR)/kalories.app/$(BUNDLE_EXECUTABLE_FOLDER_PATH)/kalories";
			};
			name = Debug;
		};
		C3A7064229B954010022EB1F /* Release */ = {
			isa = XCBuildConfiguration;
			buildSettings = {
				ALWAYS_EMBED_SWIFT_STANDARD_LIBRARIES = YES;
				BUNDLE_LOADER = "$(TEST_HOST)";
				CODE_SIGN_STYLE = Automatic;
				CURRENT_PROJECT_VERSION = 1;
				DEVELOPMENT_TEAM = 9P74L4GXWB;
				GENERATE_INFOPLIST_FILE = YES;
				IPHONEOS_DEPLOYMENT_TARGET = 16.2;
				MARKETING_VERSION = 1.0;
				PRODUCT_BUNDLE_IDENTIFIER = com.dukena.kaloriesTests;
				PRODUCT_NAME = "$(TARGET_NAME)";
				SWIFT_EMIT_LOC_STRINGS = NO;
				SWIFT_VERSION = 5.0;
				TARGETED_DEVICE_FAMILY = "1,2";
				TEST_HOST = "$(BUILT_PRODUCTS_DIR)/kalories.app/$(BUNDLE_EXECUTABLE_FOLDER_PATH)/kalories";
			};
			name = Release;
		};
		C3A7064429B954010022EB1F /* Debug */ = {
			isa = XCBuildConfiguration;
			buildSettings = {
				ALWAYS_EMBED_SWIFT_STANDARD_LIBRARIES = YES;
				CODE_SIGN_STYLE = Automatic;
				CURRENT_PROJECT_VERSION = 1;
				DEVELOPMENT_TEAM = 9P74L4GXWB;
				GENERATE_INFOPLIST_FILE = YES;
				MARKETING_VERSION = 1.0;
				PRODUCT_BUNDLE_IDENTIFIER = com.dukena.kaloriesUITests;
				PRODUCT_NAME = "$(TARGET_NAME)";
				SWIFT_EMIT_LOC_STRINGS = NO;
				SWIFT_VERSION = 5.0;
				TARGETED_DEVICE_FAMILY = "1,2";
				TEST_TARGET_NAME = kalories;
			};
			name = Debug;
		};
		C3A7064529B954010022EB1F /* Release */ = {
			isa = XCBuildConfiguration;
			buildSettings = {
				ALWAYS_EMBED_SWIFT_STANDARD_LIBRARIES = YES;
				CODE_SIGN_STYLE = Automatic;
				CURRENT_PROJECT_VERSION = 1;
				DEVELOPMENT_TEAM = 9P74L4GXWB;
				GENERATE_INFOPLIST_FILE = YES;
				MARKETING_VERSION = 1.0;
				PRODUCT_BUNDLE_IDENTIFIER = com.dukena.kaloriesUITests;
				PRODUCT_NAME = "$(TARGET_NAME)";
				SWIFT_EMIT_LOC_STRINGS = NO;
				SWIFT_VERSION = 5.0;
				TARGETED_DEVICE_FAMILY = "1,2";
				TEST_TARGET_NAME = kalories;
			};
			name = Release;
		};
/* End XCBuildConfiguration section */

/* Begin XCConfigurationList section */
		C3A7061429B953FF0022EB1F /* Build configuration list for PBXProject "kalories" */ = {
			isa = XCConfigurationList;
			buildConfigurations = (
				C3A7063B29B954010022EB1F /* Debug */,
				C3A7063C29B954010022EB1F /* Release */,
			);
			defaultConfigurationIsVisible = 0;
			defaultConfigurationName = Release;
		};
		C3A7063D29B954010022EB1F /* Build configuration list for PBXNativeTarget "kalories" */ = {
			isa = XCConfigurationList;
			buildConfigurations = (
				C3A7063E29B954010022EB1F /* Debug */,
				C3A7063F29B954010022EB1F /* Release */,
			);
			defaultConfigurationIsVisible = 0;
			defaultConfigurationName = Release;
		};
		C3A7064029B954010022EB1F /* Build configuration list for PBXNativeTarget "kaloriesTests" */ = {
			isa = XCConfigurationList;
			buildConfigurations = (
				C3A7064129B954010022EB1F /* Debug */,
				C3A7064229B954010022EB1F /* Release */,
			);
			defaultConfigurationIsVisible = 0;
			defaultConfigurationName = Release;
		};
		C3A7064329B954010022EB1F /* Build configuration list for PBXNativeTarget "kaloriesUITests" */ = {
			isa = XCConfigurationList;
			buildConfigurations = (
				C3A7064429B954010022EB1F /* Debug */,
				C3A7064529B954010022EB1F /* Release */,
			);
			defaultConfigurationIsVisible = 0;
			defaultConfigurationName = Release;
		};
/* End XCConfigurationList section */

/* Begin XCVersionGroup section */
		C3A7064729B9543A0022EB1F /* FoodModel.xcdatamodeld */ = {
			isa = XCVersionGroup;
			children = (
				C3A7064829B9543A0022EB1F /* FoodModel.xcdatamodel */,
			);
			currentVersion = C3A7064829B9543A0022EB1F /* FoodModel.xcdatamodel */;
			path = FoodModel.xcdatamodeld;
			sourceTree = "<group>";
			versionGroupType = wrapper.xcdatamodel;
		};
/* End XCVersionGroup section */
	};
	rootObject = C3A7061129B953FF0022EB1F /* Project object */;
}
